lockfileVersion: 5.4

specifiers:
  '@types/node': ^18.15.5
  postcss: ^8.4.21
  postcss-preset-env: ^8.0.1
  vite: ^4.2.1

dependencies:
  '@types/node': 18.15.5

devDependencies:
  postcss: 8.4.21
  postcss-preset-env: 8.0.1_postcss@8.4.21
  vite: 4.2.1_@types+node@18.15.5

packages:

  /@csstools/cascade-layer-name-parser/1.0.1_ppok7cytzjc65mcyxmtit3wdyi:
    resolution: {integrity: sha512-SAAi5DpgJJWkfTvWSaqkgyIsTawa83hMwKrktkj6ra2h+q6ZN57vOGZ6ySHq6RSo+CbP64fA3aPChPBRDDUgtw==}
    engines: {node: ^14 || ^16 || >=18}
    peerDependencies:
      '@csstools/css-parser-algorithms': ^2.0.0
      '@csstools/css-tokenizer': ^2.0.0
    dependencies:
      '@csstools/css-parser-algorithms': 2.0.1_5vzy4lghjvuzkedkkk4tqwjftm
      '@csstools/css-tokenizer': 2.1.0
    dev: true

  /@csstools/color-helpers/1.0.0:
    resolution: {integrity: sha512-tgqtiV8sU/VaWYjOB3O7PWs7HR/MmOLl2kTYRW2qSsTSEniJq7xmyAYFB1LPpXvvQcE5u2ih2dK9fyc8BnrAGQ==}
    engines: {node: ^14 || ^16 || >=18}
    dev: true

  /@csstools/css-calc/1.0.0_ppok7cytzjc65mcyxmtit3wdyi:
    resolution: {integrity: sha512-Xw0b/Jr+vLGGYD8cxsGWPaY5n1GtVC6G4tcga+eZPXZzRjjZHorPwW739UgtXzL2Da1RLxNE73c0r/KvmizPsw==}
    engines: {node: ^14 || ^16 || >=18}
    peerDependencies:
      '@csstools/css-parser-algorithms': ^2.0.1
      '@csstools/css-tokenizer': ^2.0.1
    dependencies:
      '@csstools/css-parser-algorithms': 2.0.1_5vzy4lghjvuzkedkkk4tqwjftm
      '@csstools/css-tokenizer': 2.1.0
    dev: true

  /@csstools/css-parser-algorithms/2.0.1_5vzy4lghjvuzkedkkk4tqwjftm:
    resolution: {integrity: sha512-B9/8PmOtU6nBiibJg0glnNktQDZ3rZnGn/7UmDfrm2vMtrdlXO3p7ErE95N0up80IRk9YEtB5jyj/TmQ1WH3dw==}
    engines: {node: ^14 || ^16 || >=18}
    peerDependencies:
      '@csstools/css-tokenizer': ^2.0.0
    dependencies:
      '@csstools/css-tokenizer': 2.1.0
    dev: true

  /@csstools/css-tokenizer/2.1.0:
    resolution: {integrity: sha512-dtqFyoJBHUxGi9zPZdpCKP1xk8tq6KPHJ/NY4qWXiYo6IcSGwzk3L8x2XzZbbyOyBs9xQARoGveU2AsgLj6D2A==}
    engines: {node: ^14 || ^16 || >=18}
    dev: true

  /@csstools/media-query-list-parser/2.0.1_ppok7cytzjc65mcyxmtit3wdyi:
    resolution: {integrity: sha512-X2/OuzEbjaxhzm97UJ+95GrMeT29d1Ib+Pu+paGLuRWZnWRK9sI9r3ikmKXPWGA1C4y4JEdBEFpp9jEqCvLeRA==}
    engines: {node: ^14 || ^16 || >=18}
    peerDependencies:
      '@csstools/css-parser-algorithms': ^2.0.0
      '@csstools/css-tokenizer': ^2.0.0
    dependencies:
      '@csstools/css-parser-algorithms': 2.0.1_5vzy4lghjvuzkedkkk4tqwjftm
      '@csstools/css-tokenizer': 2.1.0
    dev: true

  /@csstools/postcss-cascade-layers/3.0.1_postcss@8.4.21:
    resolution: {integrity: sha512-dD8W98dOYNOH/yX4V4HXOhfCOnvVAg8TtsL+qCGNoKXuq5z2C/d026wGWgySgC8cajXXo/wNezS31Glj5GcqrA==}
    engines: {node: ^14 || ^16 || >=18}
    peerDependencies:
      postcss: ^8.4
    dependencies:
      '@csstools/selector-specificity': 2.2.0_laljekdltgzr3kfi7r4exvsr5a
      postcss: 8.4.21
      postcss-selector-parser: 6.0.11
    dev: true

  /@csstools/postcss-color-function/2.1.0_postcss@8.4.21:
    resolution: {integrity: sha512-XBoCClLyWchlYGHGlmMOa6M2UXZNrZm63HVfsvgD/z1RPm/s3+FhHyT6VkDo+OvEBPhCgn6xz4IeCu4pRctKDQ==}
    engines: {node: ^14 || ^16 || >=18}
    peerDependencies:
      postcss: ^8.4
    dependencies:
      '@csstools/color-helpers': 1.0.0
      '@csstools/postcss-progressive-custom-properties': 2.1.0_postcss@8.4.21
      postcss: 8.4.21
      postcss-value-parser: 4.2.0
    dev: true

  /@csstools/postcss-font-format-keywords/2.0.2_postcss@8.4.21:
    resolution: {integrity: sha512-iKYZlIs6JsNT7NKyRjyIyezTCHLh4L4BBB3F5Nx7Dc4Z/QmBgX+YJFuUSar8IM6KclGiAUFGomXFdYxAwJydlA==}
    engines: {node: ^14 || ^16 || >=18}
    peerDependencies:
      postcss: ^8.4
    dependencies:
      postcss: 8.4.21
      postcss-value-parser: 4.2.0
    dev: true

  /@csstools/postcss-hwb-function/2.1.1_postcss@8.4.21:
    resolution: {integrity: sha512-XijKzdxBdH2hU6IcPWmnaU85FKEF1XE5hGy0d6dQC6XznFUIRu1T4uebL3krayX40m4xIcxfCBsQm5zphzVrtg==}
    engines: {node: ^14 || ^16 || >=18}
    peerDependencies:
      postcss: ^8.4
    dependencies:
      '@csstools/color-helpers': 1.0.0
      postcss: 8.4.21
      postcss-value-parser: 4.2.0
    dev: true

  /@csstools/postcss-ic-unit/2.0.2_postcss@8.4.21:
    resolution: {integrity: sha512-N84qGTJkfLTPj2qOG5P4CIqGjpZBbjOEMKMn+UjO5wlb9lcBTfBsxCF0lQsFdWJUzBHYFOz19dL66v71WF3Pig==}
    engines: {node: ^14 || ^16 || >=18}
    peerDependencies:
      postcss: ^8.4
    dependencies:
      '@csstools/postcss-progressive-custom-properties': 2.1.0_postcss@8.4.21
      postcss: 8.4.21
      postcss-value-parser: 4.2.0
    dev: true

  /@csstools/postcss-is-pseudo-class/3.1.1_postcss@8.4.21:
    resolution: {integrity: sha512-hhiacuby4YdUnnxfCYCRMBIobyJImozf0u+gHSbQ/tNOdwvmrZtVROvgW7zmfYuRkHVDNZJWZslq2v5jOU+j/A==}
    engines: {node: ^14 || ^16 || >=18}
    peerDependencies:
      postcss: ^8.4
    dependencies:
      '@csstools/selector-specificity': 2.2.0_laljekdltgzr3kfi7r4exvsr5a
      postcss: 8.4.21
      postcss-selector-parser: 6.0.11
    dev: true

  /@csstools/postcss-logical-float-and-clear/1.0.1_postcss@8.4.21:
    resolution: {integrity: sha512-eO9z2sMLddvlfFEW5Fxbjyd03zaO7cJafDurK4rCqyRt9P7aaWwha0LcSzoROlcZrw1NBV2JAp2vMKfPMQO1xw==}
    engines: {node: ^14 || ^16 || >=18}
    peerDependencies:
      postcss: ^8.4
    dependencies:
      postcss: 8.4.21
    dev: true

  /@csstools/postcss-logical-resize/1.0.1_postcss@8.4.21:
    resolution: {integrity: sha512-x1ge74eCSvpBkDDWppl+7FuD2dL68WP+wwP2qvdUcKY17vJksz+XoE1ZRV38uJgS6FNUwC0AxrPW5gy3MxsDHQ==}
    engines: {node: ^14 || ^16 || >=18}
    peerDependencies:
      postcss: ^8.4
    dependencies:
      postcss: 8.4.21
      postcss-value-parser: 4.2.0
    dev: true

  /@csstools/postcss-logical-viewport-units/1.0.2_postcss@8.4.21:
    resolution: {integrity: sha512-nnKFywBqRMYjv5jyjSplD/nbAnboUEGFfdxKw1o34Y1nvycgqjQavhKkmxbORxroBBIDwC5y6SfgENcPPUcOxQ==}
    engines: {node: ^14 || ^16 || >=18}
    peerDependencies:
      postcss: ^8.4
    dependencies:
      '@csstools/css-tokenizer': 2.1.0
      postcss: 8.4.21
    dev: true

  /@csstools/postcss-media-queries-aspect-ratio-number-values/1.0.1_postcss@8.4.21:
    resolution: {integrity: sha512-V9yQqXdje6OfqDf6EL5iGOpi6N0OEczwYK83rql9UapQwFEryXlAehR5AqH8QqLYb6+y31wUXK6vMxCp0920Zg==}
    engines: {node: ^14 || ^16 || >=18}
    peerDependencies:
      postcss: ^8.4
    dependencies:
      '@csstools/css-parser-algorithms': 2.0.1_5vzy4lghjvuzkedkkk4tqwjftm
      '@csstools/css-tokenizer': 2.1.0
      '@csstools/media-query-list-parser': 2.0.1_ppok7cytzjc65mcyxmtit3wdyi
      postcss: 8.4.21
    dev: true

  /@csstools/postcss-nested-calc/2.0.2_postcss@8.4.21:
    resolution: {integrity: sha512-jbwrP8rN4e7LNaRcpx3xpMUjhtt34I9OV+zgbcsYAAk6k1+3kODXJBf95/JMYWhu9g1oif7r06QVUgfWsKxCFw==}
    engines: {node: ^14 || ^16 || >=18}
    peerDependencies:
      postcss: ^8.4
    dependencies:
      postcss: 8.4.21
      postcss-value-parser: 4.2.0
    dev: true

  /@csstools/postcss-normalize-display-values/2.0.1_postcss@8.4.21:
    resolution: {integrity: sha512-TQT5g3JQ5gPXC239YuRK8jFceXF9d25ZvBkyjzBGGoW5st5sPXFVQS8OjYb9IJ/K3CdfK4528y483cgS2DJR/w==}
    engines: {node: ^14 || ^16 || >=18}
    peerDependencies:
      postcss: ^8.4
    dependencies:
      postcss: 8.4.21
      postcss-value-parser: 4.2.0
    dev: true

  /@csstools/postcss-oklab-function/2.1.0_postcss@8.4.21:
    resolution: {integrity: sha512-U/odSNjOVhagNRu+RDaNVbn8vaqA9GyCOoneQA2je7697KOrtRDc7/POrYsP7QioO2aaezDzKNX02wBzc99fkQ==}
    engines: {node: ^14 || ^16 || >=18}
    peerDependencies:
      postcss: ^8.4
    dependencies:
      '@csstools/color-helpers': 1.0.0
      '@csstools/postcss-progressive-custom-properties': 2.1.0_postcss@8.4.21
      postcss: 8.4.21
      postcss-value-parser: 4.2.0
    dev: true

  /@csstools/postcss-progressive-custom-properties/2.1.0_postcss@8.4.21:
    resolution: {integrity: sha512-tRX1rinsXajZlc4WiU7s9Y6O9EdSHScT997zDsvDUjQ1oZL2nvnL6Bt0s9KyQZZTdC3lrG2PIdBqdOIWXSEPlQ==}
    engines: {node: ^14 || ^16 || >=18}
    peerDependencies:
      postcss: ^8.4
    dependencies:
      postcss: 8.4.21
      postcss-value-parser: 4.2.0
    dev: true

  /@csstools/postcss-scope-pseudo-class/2.0.2_postcss@8.4.21:
    resolution: {integrity: sha512-6Pvo4uexUCXt+Hz5iUtemQAcIuCYnL+ePs1khFR6/xPgC92aQLJ0zGHonWoewiBE+I++4gXK3pr+R1rlOFHe5w==}
    engines: {node: ^14 || ^16 || >=18}
    peerDependencies:
      postcss: ^8.4
    dependencies:
      postcss: 8.4.21
      postcss-selector-parser: 6.0.11
    dev: true

  /@csstools/postcss-stepped-value-functions/2.1.0_postcss@8.4.21:
    resolution: {integrity: sha512-CkEo9BF8fQeMoXW3biXjlgTLY7PA4UFihn6leq7hPoRzIguLUI0WZIVgsITGXfX8LXmkhCSTjXO2DLYu/LUixQ==}
    engines: {node: ^14 || ^16 || >=18}
    peerDependencies:
      postcss: ^8.4
    dependencies:
      '@csstools/css-calc': 1.0.0_ppok7cytzjc65mcyxmtit3wdyi
      '@csstools/css-parser-algorithms': 2.0.1_5vzy4lghjvuzkedkkk4tqwjftm
      '@csstools/css-tokenizer': 2.1.0
      postcss: 8.4.21
    dev: true

  /@csstools/postcss-text-decoration-shorthand/2.2.1_postcss@8.4.21:
    resolution: {integrity: sha512-Ow6/cWWdjjVvA83mkm3kLRvvWsbzoe1AbJCxkpC+c9ibUjyS8pifm+LpZslQUKcxRVQ69ztKHDBEbFGTDhNeUw==}
    engines: {node: ^14 || ^16 || >=18}
    peerDependencies:
      postcss: ^8.4
    dependencies:
      '@csstools/color-helpers': 1.0.0
      postcss: 8.4.21
      postcss-value-parser: 4.2.0
    dev: true

  /@csstools/postcss-trigonometric-functions/2.1.0_postcss@8.4.21:
    resolution: {integrity: sha512-Ly7YczO+QdnByYeGqlppJoA2Tb2vsFfj5gSrszPTXJ+/4g3nnEZnG0VSeTK/WA8y7fzyL/qVNkkdEeOnruNWFQ==}
    engines: {node: ^14 || ^16 || >=18}
    peerDependencies:
      postcss: ^8.4
    dependencies:
      '@csstools/css-calc': 1.0.0_ppok7cytzjc65mcyxmtit3wdyi
      '@csstools/css-parser-algorithms': 2.0.1_5vzy4lghjvuzkedkkk4tqwjftm
      '@csstools/css-tokenizer': 2.1.0
      postcss: 8.4.21
    dev: true

  /@csstools/postcss-unset-value/2.0.1_postcss@8.4.21:
    resolution: {integrity: sha512-oJ9Xl29/yU8U7/pnMJRqAZd4YXNCfGEdcP4ywREuqm/xMqcgDNDppYRoCGDt40aaZQIEKBS79LytUDN/DHf0Ew==}
    engines: {node: ^14 || ^16 || >=18}
    peerDependencies:
      postcss: ^8.4
    dependencies:
      postcss: 8.4.21
    dev: true

  /@csstools/selector-specificity/2.2.0_laljekdltgzr3kfi7r4exvsr5a:
    resolution: {integrity: sha512-+OJ9konv95ClSTOJCmMZqpd5+YGsB2S+x6w3E1oaM8UuR5j8nTNHYSz8c9BEPGDOCMQYIEEGlVPj/VY64iTbGw==}
    engines: {node: ^14 || ^16 || >=18}
    peerDependencies:
      postcss-selector-parser: ^6.0.10
    dependencies:
      postcss-selector-parser: 6.0.11
    dev: true

  /@esbuild/android-arm/0.17.12:
    resolution: {integrity: sha512-E/sgkvwoIfj4aMAPL2e35VnUJspzVYl7+M1B2cqeubdBhADV4uPon0KCc8p2G+LqSJ6i8ocYPCqY3A4GGq0zkQ==}
    engines: {node: '>=12'}
    cpu: [arm]
    os: [android]
    requiresBuild: true
    dev: true
    optional: true

  /@esbuild/android-arm64/0.17.12:
    resolution: {integrity: sha512-WQ9p5oiXXYJ33F2EkE3r0FRDFVpEdcDiwNX3u7Xaibxfx6vQE0Sb8ytrfQsA5WO6kDn6mDfKLh6KrPBjvkk7xA==}
    engines: {node: '>=12'}
    cpu: [arm64]
    os: [android]
    requiresBuild: true
    dev: true
    optional: true

  /@esbuild/android-x64/0.17.12:
    resolution: {integrity: sha512-m4OsaCr5gT+se25rFPHKQXARMyAehHTQAz4XX1Vk3d27VtqiX0ALMBPoXZsGaB6JYryCLfgGwUslMqTfqeLU0w==}
    engines: {node: '>=12'}
    cpu: [x64]
    os: [android]
    requiresBuild: true
    dev: true
    optional: true

  /@esbuild/darwin-arm64/0.17.12:
    resolution: {integrity: sha512-O3GCZghRIx+RAN0NDPhyyhRgwa19MoKlzGonIb5hgTj78krqp9XZbYCvFr9N1eUxg0ZQEpiiZ4QvsOQwBpP+lg==}
    engines: {node: '>=12'}
    cpu: [arm64]
    os: [darwin]
    requiresBuild: true
    dev: true
    optional: true

  /@esbuild/darwin-x64/0.17.12:
    resolution: {integrity: sha512-5D48jM3tW27h1qjaD9UNRuN+4v0zvksqZSPZqeSWggfMlsVdAhH3pwSfQIFJwcs9QJ9BRibPS4ViZgs3d2wsCA==}
    engines: {node: '>=12'}
    cpu: [x64]
    os: [darwin]
    requiresBuild: true
    dev: true
    optional: true

  /@esbuild/freebsd-arm64/0.17.12:
    resolution: {integrity: sha512-OWvHzmLNTdF1erSvrfoEBGlN94IE6vCEaGEkEH29uo/VoONqPnoDFfShi41Ew+yKimx4vrmmAJEGNoyyP+OgOQ==}
    engines: {node: '>=12'}
    cpu: [arm64]
    os: [freebsd]
    requiresBuild: true
    dev: true
    optional: true

  /@esbuild/freebsd-x64/0.17.12:
    resolution: {integrity: sha512-A0Xg5CZv8MU9xh4a+7NUpi5VHBKh1RaGJKqjxe4KG87X+mTjDE6ZvlJqpWoeJxgfXHT7IMP9tDFu7IZ03OtJAw==}
    engines: {node: '>=12'}
    cpu: [x64]
    os: [freebsd]
    requiresBuild: true
    dev: true
    optional: true

  /@esbuild/linux-arm/0.17.12:
    resolution: {integrity: sha512-WsHyJ7b7vzHdJ1fv67Yf++2dz3D726oO3QCu8iNYik4fb5YuuReOI9OtA+n7Mk0xyQivNTPbl181s+5oZ38gyA==}
    engines: {node: '>=12'}
    cpu: [arm]
    os: [linux]
    requiresBuild: true
    dev: true
    optional: true

  /@esbuild/linux-arm64/0.17.12:
    resolution: {integrity: sha512-cK3AjkEc+8v8YG02hYLQIQlOznW+v9N+OI9BAFuyqkfQFR+DnDLhEM5N8QRxAUz99cJTo1rLNXqRrvY15gbQUg==}
    engines: {node: '>=12'}
    cpu: [arm64]
    os: [linux]
    requiresBuild: true
    dev: true
    optional: true

  /@esbuild/linux-ia32/0.17.12:
    resolution: {integrity: sha512-jdOBXJqcgHlah/nYHnj3Hrnl9l63RjtQ4vn9+bohjQPI2QafASB5MtHAoEv0JQHVb/xYQTFOeuHnNYE1zF7tYw==}
    engines: {node: '>=12'}
    cpu: [ia32]
    os: [linux]
    requiresBuild: true
    dev: true
    optional: true

  /@esbuild/linux-loong64/0.17.12:
    resolution: {integrity: sha512-GTOEtj8h9qPKXCyiBBnHconSCV9LwFyx/gv3Phw0pa25qPYjVuuGZ4Dk14bGCfGX3qKF0+ceeQvwmtI+aYBbVA==}
    engines: {node: '>=12'}
    cpu: [loong64]
    os: [linux]
    requiresBuild: true
    dev: true
    optional: true

  /@esbuild/linux-mips64el/0.17.12:
    resolution: {integrity: sha512-o8CIhfBwKcxmEENOH9RwmUejs5jFiNoDw7YgS0EJTF6kgPgcqLFjgoc5kDey5cMHRVCIWc6kK2ShUePOcc7RbA==}
    engines: {node: '>=12'}
    cpu: [mips64el]
    os: [linux]
    requiresBuild: true
    dev: true
    optional: true

  /@esbuild/linux-ppc64/0.17.12:
    resolution: {integrity: sha512-biMLH6NR/GR4z+ap0oJYb877LdBpGac8KfZoEnDiBKd7MD/xt8eaw1SFfYRUeMVx519kVkAOL2GExdFmYnZx3A==}
    engines: {node: '>=12'}
    cpu: [ppc64]
    os: [linux]
    requiresBuild: true
    dev: true
    optional: true

  /@esbuild/linux-riscv64/0.17.12:
    resolution: {integrity: sha512-jkphYUiO38wZGeWlfIBMB72auOllNA2sLfiZPGDtOBb1ELN8lmqBrlMiucgL8awBw1zBXN69PmZM6g4yTX84TA==}
    engines: {node: '>=12'}
    cpu: [riscv64]
    os: [linux]
    requiresBuild: true
    dev: true
    optional: true

  /@esbuild/linux-s390x/0.17.12:
    resolution: {integrity: sha512-j3ucLdeY9HBcvODhCY4b+Ds3hWGO8t+SAidtmWu/ukfLLG/oYDMaA+dnugTVAg5fnUOGNbIYL9TOjhWgQB8W5g==}
    engines: {node: '>=12'}
    cpu: [s390x]
    os: [linux]
    requiresBuild: true
    dev: true
    optional: true

  /@esbuild/linux-x64/0.17.12:
    resolution: {integrity: sha512-uo5JL3cgaEGotaqSaJdRfFNSCUJOIliKLnDGWaVCgIKkHxwhYMm95pfMbWZ9l7GeW9kDg0tSxcy9NYdEtjwwmA==}
    engines: {node: '>=12'}
    cpu: [x64]
    os: [linux]
    requiresBuild: true
    dev: true
    optional: true

  /@esbuild/netbsd-x64/0.17.12:
    resolution: {integrity: sha512-DNdoRg8JX+gGsbqt2gPgkgb00mqOgOO27KnrWZtdABl6yWTST30aibGJ6geBq3WM2TIeW6COs5AScnC7GwtGPg==}
    engines: {node: '>=12'}
    cpu: [x64]
    os: [netbsd]
    requiresBuild: true
    dev: true
    optional: true

  /@esbuild/openbsd-x64/0.17.12:
    resolution: {integrity: sha512-aVsENlr7B64w8I1lhHShND5o8cW6sB9n9MUtLumFlPhG3elhNWtE7M1TFpj3m7lT3sKQUMkGFjTQBrvDDO1YWA==}
    engines: {node: '>=12'}
    cpu: [x64]
    os: [openbsd]
    requiresBuild: true
    dev: true
    optional: true

  /@esbuild/sunos-x64/0.17.12:
    resolution: {integrity: sha512-qbHGVQdKSwi0JQJuZznS4SyY27tYXYF0mrgthbxXrZI3AHKuRvU+Eqbg/F0rmLDpW/jkIZBlCO1XfHUBMNJ1pg==}
    engines: {node: '>=12'}
    cpu: [x64]
    os: [sunos]
    requiresBuild: true
    dev: true
    optional: true

  /@esbuild/win32-arm64/0.17.12:
    resolution: {integrity: sha512-zsCp8Ql+96xXTVTmm6ffvoTSZSV2B/LzzkUXAY33F/76EajNw1m+jZ9zPfNJlJ3Rh4EzOszNDHsmG/fZOhtqDg==}
    engines: {node: '>=12'}
    cpu: [arm64]
    os: [win32]
    requiresBuild: true
    dev: true
    optional: true

  /@esbuild/win32-ia32/0.17.12:
    resolution: {integrity: sha512-FfrFjR4id7wcFYOdqbDfDET3tjxCozUgbqdkOABsSFzoZGFC92UK7mg4JKRc/B3NNEf1s2WHxJ7VfTdVDPN3ng==}
    engines: {node: '>=12'}
    cpu: [ia32]
    os: [win32]
    requiresBuild: true
    dev: true
    optional: true

  /@esbuild/win32-x64/0.17.12:
    resolution: {integrity: sha512-JOOxw49BVZx2/5tW3FqkdjSD/5gXYeVGPDcB0lvap0gLQshkh1Nyel1QazC+wNxus3xPlsYAgqU1BUmrmCvWtw==}
    engines: {node: '>=12'}
    cpu: [x64]
    os: [win32]
    requiresBuild: true
    dev: true
    optional: true

  /@types/node/18.15.5:
    resolution: {integrity: sha512-Ark2WDjjZO7GmvsyFFf81MXuGTA/d6oP38anyxWOL6EREyBKAxKoFHwBhaZxCfLRLpO8JgVXwqOwSwa7jRcjew==}

  /autoprefixer/10.4.14_postcss@8.4.21:
    resolution: {integrity: sha512-FQzyfOsTlwVzjHxKEqRIAdJx9niO6VCBCoEwax/VLSoQF29ggECcPuBqUMZ+u8jCZOPSy8b8/8KnuFbp0SaFZQ==}
    engines: {node: ^10 || ^12 || >=14}
    hasBin: true
    peerDependencies:
      postcss: ^8.1.0
    dependencies:
      browserslist: 4.21.5
      caniuse-lite: 1.0.30001469
      fraction.js: 4.2.0
      normalize-range: 0.1.2
      picocolors: 1.0.0
      postcss: 8.4.21
      postcss-value-parser: 4.2.0
    dev: true

  /browserslist/4.21.5:
    resolution: {integrity: sha512-tUkiguQGW7S3IhB7N+c2MV/HZPSCPAAiYBZXLsBhFB/PCy6ZKKsZrmBayHV9fdGV/ARIfJ14NkxKzRDjvp7L6w==}
    engines: {node: ^6 || ^7 || ^8 || ^9 || ^10 || ^11 || ^12 || >=13.7}
    hasBin: true
    dependencies:
      caniuse-lite: 1.0.30001469
      electron-to-chromium: 1.4.334
      node-releases: 2.0.10
      update-browserslist-db: 1.0.10_browserslist@4.21.5
    dev: true

  /caniuse-lite/1.0.30001469:
    resolution: {integrity: sha512-Rcp7221ScNqQPP3W+lVOYDyjdR6dC+neEQCttoNr5bAyz54AboB4iwpnWgyi8P4YUsPybVzT4LgWiBbI3drL4g==}
    dev: true

  /css-blank-pseudo/5.0.2_postcss@8.4.21:
    resolution: {integrity: sha512-aCU4AZ7uEcVSUzagTlA9pHciz7aWPKA/YzrEkpdSopJ2pvhIxiQ5sYeMz1/KByxlIo4XBdvMNJAVKMg/GRnhfw==}
    engines: {node: ^14 || ^16 || >=18}
    peerDependencies:
      postcss: ^8.4
    dependencies:
      postcss: 8.4.21
      postcss-selector-parser: 6.0.11
    dev: true

  /css-has-pseudo/5.0.2_postcss@8.4.21:
    resolution: {integrity: sha512-q+U+4QdwwB7T9VEW/LyO6CFrLAeLqOykC5mDqJXc7aKZAhDbq7BvGT13VGJe+IwBfdN2o3Xdw2kJ5IxwV1Sc9Q==}
    engines: {node: ^14 || ^16 || >=18}
    peerDependencies:
      postcss: ^8.4
    dependencies:
      '@csstools/selector-specificity': 2.2.0_laljekdltgzr3kfi7r4exvsr5a
      postcss: 8.4.21
      postcss-selector-parser: 6.0.11
      postcss-value-parser: 4.2.0
    dev: true

  /css-prefers-color-scheme/8.0.2_postcss@8.4.21:
    resolution: {integrity: sha512-OvFghizHJ45x7nsJJUSYLyQNTzsCU8yWjxAc/nhPQg1pbs18LMoET8N3kOweFDPy0JV0OSXN2iqRFhPBHYOeMA==}
    engines: {node: ^14 || ^16 || >=18}
    peerDependencies:
      postcss: ^8.4
    dependencies:
      postcss: 8.4.21
    dev: true

  /cssdb/7.4.1:
    resolution: {integrity: sha512-0Q8NOMpXJ3iTDDbUv9grcmQAfdDx4qz+fN/+Md2FGbevT+6+bJNQ2LjB2YIUlLbpBTM32idU1Sb+tb/uGt6/XQ==}
    dev: true

  /cssesc/3.0.0:
    resolution: {integrity: sha512-/Tb/JcjK111nNScGob5MNtsntNM1aCNUDipB/TkwZFhyDrrE47SOx/18wF2bbjgc3ZzCSKW1T5nt5EbFoAz/Vg==}
    engines: {node: '>=4'}
    hasBin: true
    dev: true

  /electron-to-chromium/1.4.334:
    resolution: {integrity: sha512-laZ1odk+TRen6q0GeyQx/JEkpD3iSZT7ewopCpKqg9bTjP1l8XRfU3Bg20CFjNPZkp5+NDBl3iqd4o/kPO+Vew==}
    dev: true

  /esbuild/0.17.12:
    resolution: {integrity: sha512-bX/zHl7Gn2CpQwcMtRogTTBf9l1nl+H6R8nUbjk+RuKqAE3+8FDulLA+pHvX7aA7Xe07Iwa+CWvy9I8Y2qqPKQ==}
    engines: {node: '>=12'}
    hasBin: true
    requiresBuild: true
    optionalDependencies:
      '@esbuild/android-arm': 0.17.12
      '@esbuild/android-arm64': 0.17.12
      '@esbuild/android-x64': 0.17.12
      '@esbuild/darwin-arm64': 0.17.12
      '@esbuild/darwin-x64': 0.17.12
      '@esbuild/freebsd-arm64': 0.17.12
      '@esbuild/freebsd-x64': 0.17.12
      '@esbuild/linux-arm': 0.17.12
      '@esbuild/linux-arm64': 0.17.12
      '@esbuild/linux-ia32': 0.17.12
      '@esbuild/linux-loong64': 0.17.12
      '@esbuild/linux-mips64el': 0.17.12
      '@esbuild/linux-ppc64': 0.17.12
      '@esbuild/linux-riscv64': 0.17.12
      '@esbuild/linux-s390x': 0.17.12
      '@esbuild/linux-x64': 0.17.12
      '@esbuild/netbsd-x64': 0.17.12
      '@esbuild/openbsd-x64': 0.17.12
      '@esbuild/sunos-x64': 0.17.12
      '@esbuild/win32-arm64': 0.17.12
      '@esbuild/win32-ia32': 0.17.12
      '@esbuild/win32-x64': 0.17.12
    dev: true

  /escalade/3.1.1:
    resolution: {integrity: sha512-k0er2gUkLf8O0zKJiAhmkTnJlTvINGv7ygDNPbeIsX/TJjGJZHuh9B2UxbsaEkmlEo9MfhrSzmhIlhRlI2GXnw==}
    engines: {node: '>=6'}
    dev: true

  /fraction.js/4.2.0:
    resolution: {integrity: sha512-MhLuK+2gUcnZe8ZHlaaINnQLl0xRIGRfcGk2yl8xoQAfHrSsL3rYu6FCmBdkdbhc9EPlwyGHewaRsvwRMJtAlA==}
    dev: true

  /fsevents/2.3.2:
    resolution: {integrity: sha512-xiqMQR4xAeHTuB9uWm+fFRcIOgKBMiOBP+eXiyT7jsgVCq1bkVygt00oASowB7EdtpOHaaPgKt812P9ab+DDKA==}
    engines: {node: ^8.16.0 || ^10.6.0 || >=11.0.0}
    os: [darwin]
    requiresBuild: true
    dev: true
    optional: true

  /function-bind/1.1.1:
    resolution: {integrity: sha512-yIovAzMX49sF8Yl58fSCWJ5svSLuaibPxXQJFLmBObTuCr0Mf1KiPopGM9NiFjiYBCbfaa2Fh6breQ6ANVTI0A==}
    dev: true

  /has/1.0.3:
    resolution: {integrity: sha512-f2dvO0VU6Oej7RkWJGrehjbzMAjFp5/VKPp5tTpWIV4JHHZK1/BxbFRtf/siA2SWTe09caDmVtYYzWEIbBS4zw==}
    engines: {node: '>= 0.4.0'}
    dependencies:
      function-bind: 1.1.1
    dev: true

  /is-core-module/2.11.0:
    resolution: {integrity: sha512-RRjxlvLDkD1YJwDbroBHMb+cukurkDWNyHx7D3oNB5x9rb5ogcksMC5wHCadcXoo67gVr/+3GFySh3134zi6rw==}
    dependencies:
      has: 1.0.3
    dev: true

  /nanoid/3.3.4:
    resolution: {integrity: sha512-MqBkQh/OHTS2egovRtLk45wEyNXwF+cokD+1YPf9u5VfJiRdAiRwB2froX5Co9Rh20xs4siNPm8naNotSD6RBw==}
    engines: {node: ^10 || ^12 || ^13.7 || ^14 || >=15.0.1}
    hasBin: true
    dev: true

  /node-releases/2.0.10:
    resolution: {integrity: sha512-5GFldHPXVG/YZmFzJvKK2zDSzPKhEp0+ZR5SVaoSag9fsL5YgHbUHDfnG5494ISANDcK4KwPXAx2xqVEydmd7w==}
    dev: true

  /normalize-range/0.1.2:
    resolution: {integrity: sha512-bdok/XvKII3nUpklnV6P2hxtMNrCboOjAcyBuQnWEhO665FwrSNRxU+AqpsyvO6LgGYPspN+lu5CLtw4jPRKNA==}
    engines: {node: '>=0.10.0'}
    dev: true

  /path-parse/1.0.7:
    resolution: {integrity: sha512-LDJzPVEEEPR+y48z93A0Ed0yXb8pAByGWo/k5YYdYgpY2/2EsOsksJrq7lOHxryrVOn1ejG6oAp8ahvOIQD8sw==}
    dev: true

  /picocolors/1.0.0:
    resolution: {integrity: sha512-1fygroTLlHu66zi26VoTDv8yRgm0Fccecssto+MhsZ0D/DGW2sm8E8AjW7NU5VVTRt5GxbeZ5qBuJr+HyLYkjQ==}
    dev: true

  /postcss-attribute-case-insensitive/6.0.2_postcss@8.4.21:
    resolution: {integrity: sha512-IRuCwwAAQbgaLhxQdQcIIK0dCVXg3XDUnzgKD8iwdiYdwU4rMWRWyl/W9/0nA4ihVpq5pyALiHB2veBJ0292pw==}
    engines: {node: ^14 || ^16 || >=18}
    peerDependencies:
      postcss: ^8.4
    dependencies:
      postcss: 8.4.21
      postcss-selector-parser: 6.0.11
    dev: true

  /postcss-clamp/4.1.0_postcss@8.4.21:
    resolution: {integrity: sha512-ry4b1Llo/9zz+PKC+030KUnPITTJAHeOwjfAyyB60eT0AorGLdzp52s31OsPRHRf8NchkgFoG2y6fCfn1IV1Ow==}
    engines: {node: '>=7.6.0'}
    peerDependencies:
      postcss: ^8.4.6
    dependencies:
      postcss: 8.4.21
      postcss-value-parser: 4.2.0
    dev: true

  /postcss-color-functional-notation/5.0.2_postcss@8.4.21:
    resolution: {integrity: sha512-M6ygxWOyd6eWf3sd1Lv8xi4SeF4iBPfJvkfMU4ITh8ExJc1qhbvh/U8Cv/uOvBgUVOMDdScvCdlg8+hREQzs7w==}
    engines: {node: ^14 || ^16 || >=18}
    peerDependencies:
      postcss: ^8.4
    dependencies:
      postcss: 8.4.21
      postcss-value-parser: 4.2.0
    dev: true

  /postcss-color-hex-alpha/9.0.2_postcss@8.4.21:
    resolution: {integrity: sha512-SfPjgr//VQ/DOCf80STIAsdAs7sbIbxATvVmd+Ec7JvR8onz9pjawhq3BJM3Pie40EE3TyB0P6hft16D33Nlyg==}
    engines: {node: ^14 || ^16 || >=18}
    peerDependencies:
      postcss: ^8.4
    dependencies:
      postcss: 8.4.21
      postcss-value-parser: 4.2.0
    dev: true

  /postcss-color-rebeccapurple/8.0.2_postcss@8.4.21:
    resolution: {integrity: sha512-xWf/JmAxVoB5bltHpXk+uGRoGFwu4WDAR7210el+iyvTdqiKpDhtcT8N3edXMoVJY0WHFMrKMUieql/wRNiXkw==}
    engines: {node: ^14 || ^16 || >=18}
    peerDependencies:
      postcss: ^8.4
    dependencies:
      postcss: 8.4.21
      postcss-value-parser: 4.2.0
    dev: true

  /postcss-custom-media/9.1.2_postcss@8.4.21:
    resolution: {integrity: sha512-osM9g4UKq4XKimAC7RAXroqi3BXpxfwTswAJQiZdrBjWGFGEyxQrY5H2eDWI8F+MEvEUfYDxA8scqi3QWROCSw==}
    engines: {node: ^14 || ^16 || >=18}
    peerDependencies:
      postcss: ^8.4
    dependencies:
      '@csstools/cascade-layer-name-parser': 1.0.1_ppok7cytzjc65mcyxmtit3wdyi
      '@csstools/css-parser-algorithms': 2.0.1_5vzy4lghjvuzkedkkk4tqwjftm
      '@csstools/css-tokenizer': 2.1.0
      '@csstools/media-query-list-parser': 2.0.1_ppok7cytzjc65mcyxmtit3wdyi
      postcss: 8.4.21
    dev: true

  /postcss-custom-properties/13.1.4_postcss@8.4.21:
    resolution: {integrity: sha512-iSAdaZrM3KMec8cOSzeTUNXPYDlhqsMJHpt62yrjwG6nAnMtRHPk5JdMzGosBJtqEahDolvD5LNbcq+EZ78o5g==}
    engines: {node: ^14 || ^16 || >=18}
    peerDependencies:
      postcss: ^8.4
    dependencies:
      '@csstools/cascade-layer-name-parser': 1.0.1_ppok7cytzjc65mcyxmtit3wdyi
      '@csstools/css-parser-algorithms': 2.0.1_5vzy4lghjvuzkedkkk4tqwjftm
      '@csstools/css-tokenizer': 2.1.0
      postcss: 8.4.21
      postcss-value-parser: 4.2.0
    dev: true

  /postcss-custom-selectors/7.1.2_postcss@8.4.21:
    resolution: {integrity: sha512-jX7VlE3jrgfBIOfxiGNRFq81xUoHSZhvxhQurzE7ZFRv+bUmMwB7/XnA0nNlts2CwNtbXm4Ozy0ZAYKHlCRmBQ==}
    engines: {node: ^14 || ^16 || >=18}
    peerDependencies:
      postcss: ^8.4
    dependencies:
      '@csstools/cascade-layer-name-parser': 1.0.1_ppok7cytzjc65mcyxmtit3wdyi
      '@csstools/css-parser-algorithms': 2.0.1_5vzy4lghjvuzkedkkk4tqwjftm
      '@csstools/css-tokenizer': 2.1.0
      postcss: 8.4.21
      postcss-selector-parser: 6.0.11
    dev: true

  /postcss-dir-pseudo-class/7.0.2_postcss@8.4.21:
    resolution: {integrity: sha512-cMnslilYxBf9k3qejnovrUONZx1rXeUZJw06fgIUBzABJe3D2LiLL5WAER7Imt3nrkaIgG05XZBztueLEf5P8w==}
    engines: {node: ^14 || ^16 || >=18}
    peerDependencies:
      postcss: ^8.4
    dependencies:
      postcss: 8.4.21
      postcss-selector-parser: 6.0.11
    dev: true

  /postcss-double-position-gradients/4.0.2_postcss@8.4.21:
    resolution: {integrity: sha512-GXL1RmFREDK4Q9aYvI2RhVrA6a6qqSMQQ5ke8gSH1xgV6exsqbcJpIumC7AOgooH6/WIG3/K/T8xxAiVHy/tJg==}
    engines: {node: ^14 || ^16 || >=18}
    peerDependencies:
      postcss: ^8.4
    dependencies:
      '@csstools/postcss-progressive-custom-properties': 2.1.0_postcss@8.4.21
      postcss: 8.4.21
      postcss-value-parser: 4.2.0
    dev: true

  /postcss-focus-visible/8.0.2_postcss@8.4.21:
    resolution: {integrity: sha512-f/Vd+EC/GaKElknU59esVcRYr/Y3t1ZAQyL4u2xSOgkDy4bMCmG7VP5cGvj3+BTLNE9ETfEuz2nnt4qkZwTTeA==}
    engines: {node: ^14 || ^16 || >=18}
    peerDependencies:
      postcss: ^8.4
    dependencies:
      postcss: 8.4.21
      postcss-selector-parser: 6.0.11
    dev: true

  /postcss-focus-within/7.0.2_postcss@8.4.21:
    resolution: {integrity: sha512-AHAJ89UQBcqBvFgQJE9XasGuwMNkKsGj4D/f9Uk60jFmEBHpAL14DrnSk3Rj+SwZTr/WUG+mh+Rvf8fid/346w==}
    engines: {node: ^14 || ^16 || >=18}
    peerDependencies:
      postcss: ^8.4
    dependencies:
      postcss: 8.4.21
      postcss-selector-parser: 6.0.11
    dev: true

  /postcss-font-variant/5.0.0_postcss@8.4.21:
    resolution: {integrity: sha512-1fmkBaCALD72CK2a9i468mA/+tr9/1cBxRRMXOUaZqO43oWPR5imcyPjXwuv7PXbCid4ndlP5zWhidQVVa3hmA==}
    peerDependencies:
      postcss: ^8.1.0
    dependencies:
      postcss: 8.4.21
    dev: true

  /postcss-gap-properties/4.0.1_postcss@8.4.21:
    resolution: {integrity: sha512-V5OuQGw4lBumPlwHWk/PRfMKjaq/LTGR4WDTemIMCaMevArVfCCA9wBJiL1VjDAd+rzuCIlkRoRvDsSiAaZ4Fg==}
    engines: {node: ^14 || ^16 || >=18}
    peerDependencies:
      postcss: ^8.4
    dependencies:
      postcss: 8.4.21
    dev: true

  /postcss-image-set-function/5.0.2_postcss@8.4.21:
    resolution: {integrity: sha512-Sszjwo0ubETX0Fi5MvpYzsONwrsjeabjMoc5YqHvURFItXgIu3HdCjcVuVKGMPGzKRhgaknmdM5uVWInWPJmeg==}
    engines: {node: ^14 || ^16 || >=18}
    peerDependencies:
      postcss: ^8.4
    dependencies:
      postcss: 8.4.21
      postcss-value-parser: 4.2.0
    dev: true

  /postcss-initial/4.0.1_postcss@8.4.21:
    resolution: {integrity: sha512-0ueD7rPqX8Pn1xJIjay0AZeIuDoF+V+VvMt/uOnn+4ezUKhZM/NokDeP6DwMNyIoYByuN/94IQnt5FEkaN59xQ==}
    peerDependencies:
      postcss: ^8.0.0
    dependencies:
      postcss: 8.4.21
    dev: true

  /postcss-lab-function/5.1.0_postcss@8.4.21:
    resolution: {integrity: sha512-iZApRTNcpc71uTn7PkzjHtj5cmuZpvu6okX4jHnM5OFi2fG97sodjxkq6SpL65xhW0NviQrAMSX97ntyGVRV0w==}
    engines: {node: ^14 || ^16 || >=18}
    peerDependencies:
      postcss: ^8.4
    dependencies:
      '@csstools/color-helpers': 1.0.0
      '@csstools/postcss-progressive-custom-properties': 2.1.0_postcss@8.4.21
      postcss: 8.4.21
      postcss-value-parser: 4.2.0
    dev: true

  /postcss-logical/6.1.0_postcss@8.4.21:
    resolution: {integrity: sha512-qb1+LpClhYjxac8SfOcWotnY3unKZesDqIOm+jnGt8rTl7xaIWpE2bPGZHxflOip1E/4ETo79qlJyRL3yrHn1g==}
    engines: {node: ^14 || ^16 || >=18}
    peerDependencies:
      postcss: ^8.4
    dependencies:
      postcss: 8.4.21
      postcss-value-parser: 4.2.0
    dev: true

  /postcss-media-minmax/5.0.0_postcss@8.4.21:
    resolution: {integrity: sha512-yDUvFf9QdFZTuCUg0g0uNSHVlJ5X1lSzDZjPSFaiCWvjgsvu8vEVxtahPrLMinIDEEGnx6cBe6iqdx5YWz08wQ==}
    engines: {node: '>=10.0.0'}
    peerDependencies:
      postcss: ^8.1.0
    dependencies:
      postcss: 8.4.21
    dev: true

  /postcss-nesting/11.2.1_postcss@8.4.21:
    resolution: {integrity: sha512-E6Jq74Jo/PbRAtZioON54NPhUNJYxVWhwxbweYl1vAoBYuGlDIts5yhtKiZFLvkvwT73e/9nFrW3oMqAtgG+GQ==}
    engines: {node: ^14 || ^16 || >=18}
    peerDependencies:
      postcss: ^8.4
    dependencies:
      '@csstools/selector-specificity': 2.2.0_laljekdltgzr3kfi7r4exvsr5a
      postcss: 8.4.21
      postcss-selector-parser: 6.0.11
    dev: true

  /postcss-opacity-percentage/1.1.3_postcss@8.4.21:
    resolution: {integrity: sha512-An6Ba4pHBiDtyVpSLymUUERMo2cU7s+Obz6BTrS+gxkbnSBNKSuD0AVUc+CpBMrpVPKKfoVz0WQCX+Tnst0i4A==}
    engines: {node: ^12 || ^14 || >=16}
    peerDependencies:
      postcss: ^8.2
    dependencies:
      postcss: 8.4.21
    dev: true

  /postcss-overflow-shorthand/4.0.1_postcss@8.4.21:
    resolution: {integrity: sha512-HQZ0qi/9iSYHW4w3ogNqVNr2J49DHJAl7r8O2p0Meip38jsdnRPgiDW7r/LlLrrMBMe3KHkvNtAV2UmRVxzLIg==}
    engines: {node: ^14 || ^16 || >=18}
    peerDependencies:
      postcss: ^8.4
    dependencies:
      postcss: 8.4.21
      postcss-value-parser: 4.2.0
    dev: true

  /postcss-page-break/3.0.4_postcss@8.4.21:
    resolution: {integrity: sha512-1JGu8oCjVXLa9q9rFTo4MbeeA5FMe00/9C7lN4va606Rdb+HkxXtXsmEDrIraQ11fGz/WvKWa8gMuCKkrXpTsQ==}
    peerDependencies:
      postcss: ^8
    dependencies:
      postcss: 8.4.21
    dev: true

  /postcss-place/8.0.1_postcss@8.4.21:
    resolution: {integrity: sha512-Ow2LedN8sL4pq8ubukO77phSVt4QyCm35ZGCYXKvRFayAwcpgB0sjNJglDoTuRdUL32q/ZC1VkPBo0AOEr4Uiw==}
    engines: {node: ^14 || ^16 || >=18}
    peerDependencies:
      postcss: ^8.4
    dependencies:
      postcss: 8.4.21
      postcss-value-parser: 4.2.0
    dev: true

  /postcss-preset-env/8.0.1_postcss@8.4.21:
    resolution: {integrity: sha512-IUbymw0JlUbyVG+I85963PNWgPp3KhnFa1sxU7M/2dGthxV8e297P0VV5W9XcyypoH4hirH2fp1c6fmqh6YnSg==}
    engines: {node: ^14 || ^16 || >=18}
    peerDependencies:
      postcss: ^8.4
    dependencies:
      '@csstools/postcss-cascade-layers': 3.0.1_postcss@8.4.21
      '@csstools/postcss-color-function': 2.1.0_postcss@8.4.21
      '@csstools/postcss-font-format-keywords': 2.0.2_postcss@8.4.21
      '@csstools/postcss-hwb-function': 2.1.1_postcss@8.4.21
      '@csstools/postcss-ic-unit': 2.0.2_postcss@8.4.21
      '@csstools/postcss-is-pseudo-class': 3.1.1_postcss@8.4.21
      '@csstools/postcss-logical-float-and-clear': 1.0.1_postcss@8.4.21
      '@csstools/postcss-logical-resize': 1.0.1_postcss@8.4.21
      '@csstools/postcss-logical-viewport-units': 1.0.2_postcss@8.4.21
      '@csstools/postcss-media-queries-aspect-ratio-number-values': 1.0.1_postcss@8.4.21
      '@csstools/postcss-nested-calc': 2.0.2_postcss@8.4.21
      '@csstools/postcss-normalize-display-values': 2.0.1_postcss@8.4.21
      '@csstools/postcss-oklab-function': 2.1.0_postcss@8.4.21
      '@csstools/postcss-progressive-custom-properties': 2.1.0_postcss@8.4.21
      '@csstools/postcss-scope-pseudo-class': 2.0.2_postcss@8.4.21
      '@csstools/postcss-stepped-value-functions': 2.1.0_postcss@8.4.21
      '@csstools/postcss-text-decoration-shorthand': 2.2.1_postcss@8.4.21
      '@csstools/postcss-trigonometric-functions': 2.1.0_postcss@8.4.21
      '@csstools/postcss-unset-value': 2.0.1_postcss@8.4.21
      autoprefixer: 10.4.14_postcss@8.4.21
      browserslist: 4.21.5
      css-blank-pseudo: 5.0.2_postcss@8.4.21
      css-has-pseudo: 5.0.2_postcss@8.4.21
      css-prefers-color-scheme: 8.0.2_postcss@8.4.21
      cssdb: 7.4.1
      postcss: 8.4.21
      postcss-attribute-case-insensitive: 6.0.2_postcss@8.4.21
      postcss-clamp: 4.1.0_postcss@8.4.21
      postcss-color-functional-notation: 5.0.2_postcss@8.4.21
      postcss-color-hex-alpha: 9.0.2_postcss@8.4.21
      postcss-color-rebeccapurple: 8.0.2_postcss@8.4.21
      postcss-custom-media: 9.1.2_postcss@8.4.21
      postcss-custom-properties: 13.1.4_postcss@8.4.21
      postcss-custom-selectors: 7.1.2_postcss@8.4.21
      postcss-dir-pseudo-class: 7.0.2_postcss@8.4.21
      postcss-double-position-gradients: 4.0.2_postcss@8.4.21
      postcss-focus-visible: 8.0.2_postcss@8.4.21
      postcss-focus-within: 7.0.2_postcss@8.4.21
      postcss-font-variant: 5.0.0_postcss@8.4.21
      postcss-gap-properties: 4.0.1_postcss@8.4.21
      postcss-image-set-function: 5.0.2_postcss@8.4.21
      postcss-initial: 4.0.1_postcss@8.4.21
      postcss-lab-function: 5.1.0_postcss@8.4.21
      postcss-logical: 6.1.0_postcss@8.4.21
      postcss-media-minmax: 5.0.0_postcss@8.4.21
      postcss-nesting: 11.2.1_postcss@8.4.21
      postcss-opacity-percentage: 1.1.3_postcss@8.4.21
      postcss-overflow-shorthand: 4.0.1_postcss@8.4.21
      postcss-page-break: 3.0.4_postcss@8.4.21
      postcss-place: 8.0.1_postcss@8.4.21
      postcss-pseudo-class-any-link: 8.0.2_postcss@8.4.21
      postcss-replace-overflow-wrap: 4.0.0_postcss@8.4.21
      postcss-selector-not: 7.0.1_postcss@8.4.21
      postcss-value-parser: 4.2.0
    dev: true

  /postcss-pseudo-class-any-link/8.0.2_postcss@8.4.21:
    resolution: {integrity: sha512-FYTIuRE07jZ2CW8POvctRgArQJ43yxhr5vLmImdKUvjFCkR09kh8pIdlCwdx/jbFm7MiW4QP58L4oOUv3grQYA==}
    engines: {node: ^14 || ^16 || >=18}
    peerDependencies:
      postcss: ^8.4
    dependencies:
      postcss: 8.4.21
      postcss-selector-parser: 6.0.11
    dev: true

  /postcss-replace-overflow-wrap/4.0.0_postcss@8.4.21:
    resolution: {integrity: sha512-KmF7SBPphT4gPPcKZc7aDkweHiKEEO8cla/GjcBK+ckKxiZslIu3C4GCRW3DNfL0o7yW7kMQu9xlZ1kXRXLXtw==}
    peerDependencies:
      postcss: ^8.0.3
    dependencies:
      postcss: 8.4.21
    dev: true

  /postcss-selector-not/7.0.1_postcss@8.4.21:
    resolution: {integrity: sha512-1zT5C27b/zeJhchN7fP0kBr16Cc61mu7Si9uWWLoA3Px/D9tIJPKchJCkUH3tPO5D0pCFmGeApAv8XpXBQJ8SQ==}
    engines: {node: ^14 || ^16 || >=18}
    peerDependencies:
      postcss: ^8.4
    dependencies:
      postcss: 8.4.21
      postcss-selector-parser: 6.0.11
    dev: true

  /postcss-selector-parser/6.0.11:
    resolution: {integrity: sha512-zbARubNdogI9j7WY4nQJBiNqQf3sLS3wCP4WfOidu+p28LofJqDH1tcXypGrcmMHhDk2t9wGhCsYe/+szLTy1g==}
    engines: {node: '>=4'}
    dependencies:
      cssesc: 3.0.0
      util-deprecate: 1.0.2
    dev: true

  /postcss-value-parser/4.2.0:
    resolution: {integrity: sha512-1NNCs6uurfkVbeXG4S8JFT9t19m45ICnif8zWLd5oPSZ50QnwMfK+H3jv408d4jw/7Bttv5axS5IiHoLaVNHeQ==}
    dev: true

  /postcss/8.4.21:
    resolution: {integrity: sha512-tP7u/Sn/dVxK2NnruI4H9BG+x+Wxz6oeZ1cJ8P6G/PZY0IKk4k/63TDsQf2kQq3+qoJeLm2kIBUNlZe3zgb4Zg==}
    engines: {node: ^10 || ^12 || >=14}
    dependencies:
      nanoid: 3.3.4
      picocolors: 1.0.0
      source-map-js: 1.0.2
    dev: true

  /resolve/1.22.1:
    resolution: {integrity: sha512-nBpuuYuY5jFsli/JIs1oldw6fOQCBioohqWZg/2hiaOybXOft4lonv85uDOKXdf8rhyK159cxU5cDcK/NKk8zw==}
    hasBin: true
    dependencies:
      is-core-module: 2.11.0
      path-parse: 1.0.7
      supports-preserve-symlinks-flag: 1.0.0
    dev: true

  /rollup/3.20.0:
    resolution: {integrity: sha512-YsIfrk80NqUDrxrjWPXUa7PWvAfegZEXHuPsEZg58fGCdjL1I9C1i/NaG+L+27kxxwkrG/QEDEQc8s/ynXWWGQ==}
    engines: {node: '>=14.18.0', npm: '>=8.0.0'}
    hasBin: true
    optionalDependencies:
      fsevents: 2.3.2
    dev: true

  /source-map-js/1.0.2:
    resolution: {integrity: sha512-R0XvVJ9WusLiqTCEiGCmICCMplcCkIwwR11mOSD9CR5u+IXYdiseeEuXCVAjS54zqwkLcPNnmU4OeJ6tUrWhDw==}
    engines: {node: '>=0.10.0'}
    dev: true

  /supports-preserve-symlinks-flag/1.0.0:
    resolution: {integrity: sha512-ot0WnXS9fgdkgIcePe6RHNk1WA8+muPa6cSjeR3V8K27q9BB1rTE3R1p7Hv0z1ZyAc8s6Vvv8DIyWf681MAt0w==}
    engines: {node: '>= 0.4'}
    dev: true

  /update-browserslist-db/1.0.10_browserslist@4.21.5:
    resolution: {integrity: sha512-OztqDenkfFkbSG+tRxBeAnCVPckDBcvibKd35yDONx6OU8N7sqgwc7rCbkJ/WcYtVRZ4ba68d6byhC21GFh7sQ==}
    hasBin: true
    peerDependencies:
      browserslist: '>= 4.21.0'
    dependencies:
      browserslist: 4.21.5
      escalade: 3.1.1
      picocolors: 1.0.0
    dev: true

  /util-deprecate/1.0.2:
    resolution: {integrity: sha512-EPD5q1uXyFxJpCrLnCc1nHnq3gOa6DZBocAIiI2TaSCA7VCJ1UJDMagCzIkXNsUYfD1daK//LTEQ8xiIbrHtcw==}
    dev: true

  /vite/4.2.1_@types+node@18.15.5:
    resolution: {integrity: sha512-7MKhqdy0ISo4wnvwtqZkjke6XN4taqQ2TBaTccLIpOKv7Vp2h4Y+NpmWCnGDeSvvn45KxvWgGyb0MkHvY1vgbg==}
    engines: {node: ^14.18.0 || >=16.0.0}
    hasBin: true
    peerDependencies:
      '@types/node': '>= 14'
      less: '*'
      sass: '*'
      stylus: '*'
      sugarss: '*'
      terser: ^5.4.0
    peerDependenciesMeta:
      '@types/node':
        optional: true
      less:
        optional: true
      sass:
        optional: true
      stylus:
        optional: true
      sugarss:
        optional: true
      terser:
        optional: true
    dependencies:
      '@types/node': 18.15.5
      esbuild: 0.17.12
      postcss: 8.4.21
      resolve: 1.22.1
      rollup: 3.20.0
    optionalDependencies:
      fsevents: 2.3.2
    dev: true
